
Microsoft Visual Studio Solution File, Format Version 12.00
# Visual Studio Version 16
VisualStudioVersion = 16.0.29201.188
MinimumVisualStudioVersion = 10.0.40219.1
Project("{2150E333-8FDC-42A3-9474-1A3956D46DE8}") = "src", "src", "{04C20E46-920C-4384-B57E-0D9EA3FFDBA5}"
EndProject
Project("{9A19103F-16F7-4668-BE54-9A1E7A4F7556}") = "HeXuShi.Extensions.NoWWW", "src\HeXuShi.Extensions.NoWWW\HeXuShi.Extensions.NoWWW.csproj", "{00D4953B-9C7C-452C-9A72-83672C027CDE}"
EndProject
Project("{9A19103F-16F7-4668-BE54-9A1E7A4F7556}") = "HeXuShi.Extensions.JumpToCN", "src\HeXuShi.Extensions.JumpToCN\HeXuShi.Extensions.JumpToCN.csproj", "{05B3E5E8-578B-41EE-8705-1824DA780445}"
EndProject
Project("{2150E333-8FDC-42A3-9474-1A3956D46DE8}") = "sample", "sample", "{3419470D-747C-494D-9202-CFFAD35A0726}"
EndProject
Project("{9A19103F-16F7-4668-BE54-9A1E7A4F7556}") = "WebSample", "sample\WebSample\WebSample.csproj", "{34111E15-D3C6-4530-8718-DDD9563B77A2}"
EndProject
Project("{2150E333-8FDC-42A3-9474-1A3956D46DE8}") = "demo", "demo", "{A633B722-1F9E-493E-9473-4CB6BD220788}"
EndProject
Project("{FAE04EC0-301F-11D3-BF4B-00C04F79EFBC}") = "IpSearchDemo", "demo\IpSearchDemo\IpSearchDemo.csproj", "{DFFFEB0E-1082-4E51-A78A-D9BFECDA847B}"
EndProject
Project("{FAE04EC0-301F-11D3-BF4B-00C04F79EFBC}") = "HeXuShi.Extensions.IsChinaIp", "src\HeXuShi.Extensions.IsChinaIp\HeXuShi.Extensions.IsChinaIp.csproj", "{95CD1BE9-3FA5-4EB8-9527-73AC9492E74F}"
EndProject
Project("{FAE04EC0-301F-11D3-BF4B-00C04F79EFBC}") = "TestChinaIp", "sample\TestChinaIp\TestChinaIp.csproj", "{A86DAC6D-3EA7-485F-B83A-8355F8B31F8E}"
EndProject
Global
	GlobalSection(SolutionConfigurationPlatforms) = preSolution
		Debug|Any CPU = Debug|Any CPU
		Release|Any CPU = Release|Any CPU
	EndGlobalSection
	GlobalSection(ProjectConfigurationPlatforms) = postSolution
		{00D4953B-9C7C-452C-9A72-83672C027CDE}.Debug|Any CPU.ActiveCfg = Debug|Any CPU
		{00D4953B-9C7C-452C-9A72-83672C027CDE}.Debug|Any CPU.Build.0 = Debug|Any CPU
		{00D4953B-9C7C-452C-9A72-83672C027CDE}.Release|Any CPU.ActiveCfg = Release|Any CPU
		{00D4953B-9C7C-452C-9A72-83672C027CDE}.Release|Any CPU.Build.0 = Release|Any CPU
		{05B3E5E8-578B-41EE-8705-1824DA780445}.Debug|Any CPU.ActiveCfg = Debug|Any CPU
		{05B3E5E8-578B-41EE-8705-1824DA780445}.Debug|Any CPU.Build.0 = Debug|Any CPU
		{05B3E5E8-578B-41EE-8705-1824DA780445}.Release|Any CPU.ActiveCfg = Release|Any CPU
		{05B3E5E8-578B-41EE-8705-1824DA780445}.Release|Any CPU.Build.0 = Release|Any CPU
		{34111E15-D3C6-4530-8718-DDD9563B77A2}.Debug|Any CPU.ActiveCfg = Debug|Any CPU
		{34111E15-D3C6-4530-8718-DDD9563B77A2}.Debug|Any CPU.Build.0 = Debug|Any CPU
		{34111E15-D3C6-4530-8718-DDD9563B77A2}.Release|Any CPU.ActiveCfg = Release|Any CPU
		{34111E15-D3C6-4530-8718-DDD9563B77A2}.Release|Any CPU.Build.0 = Release|Any CPU
		{DFFFEB0E-1082-4E51-A78A-D9BFECDA847B}.Debug|Any CPU.ActiveCfg = Debug|Any CPU
		{DFFFEB0E-1082-4E51-A78A-D9BFECDA847B}.Debug|Any CPU.Build.0 = Debug|Any CPU
		{DFFFEB0E-1082-4E51-A78A-D9BFECDA847B}.Release|Any CPU.ActiveCfg = Release|Any CPU
		{DFFFEB0E-1082-4E51-A78A-D9BFECDA847B}.Release|Any CPU.Build.0 = Release|Any CPU
		{95CD1BE9-3FA5-4EB8-9527-73AC9492E74F}.Debug|Any CPU.ActiveCfg = Debug|Any CPU
		{95CD1BE9-3FA5-4EB8-9527-73AC9492E74F}.Debug|Any CPU.Build.0 = Debug|Any CPU
		{95CD1BE9-3FA5-4EB8-9527-73AC9492E74F}.Release|Any CPU.ActiveCfg = Release|Any CPU
		{95CD1BE9-3FA5-4EB8-9527-73AC9492E74F}.Release|Any CPU.Build.0 = Release|Any CPU
		{A86DAC6D-3EA7-485F-B83A-8355F8B31F8E}.Debug|Any CPU.ActiveCfg = Debug|Any CPU
		{A86DAC6D-3EA7-485F-B83A-8355F8B31F8E}.Debug|Any CPU.Build.0 = Debug|Any CPU
		{A86DAC6D-3EA7-485F-B83A-8355F8B31F8E}.Release|Any CPU.ActiveCfg = Release|Any CPU
		{A86DAC6D-3EA7-485F-B83A-8355F8B31F8E}.Release|Any CPU.Build.0 = Release|Any CPU
	EndGlobalSection
	GlobalSection(SolutionProperties) = preSolution
		HideSolutionNode = FALSE
	EndGlobalSection
	GlobalSection(NestedProjects) = preSolution
		{00D4953B-9C7C-452C-9A72-83672C027CDE} = {04C20E46-920C-4384-B57E-0D9EA3FFDBA5}
		{05B3E5E8-578B-41EE-8705-1824DA780445} = {04C20E46-920C-4384-B57E-0D9EA3FFDBA5}
		{34111E15-D3C6-4530-8718-DDD9563B77A2} = {3419470D-747C-494D-9202-CFFAD35A0726}
		{DFFFEB0E-1082-4E51-A78A-D9BFECDA847B} = {A633B722-1F9E-493E-9473-4CB6BD220788}
		{95CD1BE9-3FA5-4EB8-9527-73AC9492E74F} = {04C20E46-920C-4384-B57E-0D9EA3FFDBA5}
		{A86DAC6D-3EA7-485F-B83A-8355F8B31F8E} = {3419470D-747C-494D-9202-CFFAD35A0726}
	EndGlobalSection
	GlobalSection(ExtensibilityGlobals) = postSolution
		SolutionGuid = {61188532-DD54-4567-B8AD-E0B697DFB6F3}
	EndGlobalSection
EndGlobal
