
Microsoft Visual Studio Solution File, Format Version 12.00
# Visual Studio Version 16
VisualStudioVersion = 16.0.29201.188
MinimumVisualStudioVersion = 10.0.40219.1
Project("{2150E333-8FDC-42A3-9474-1A3956D46DE8}") = "src", "src", "{04C20E46-920C-4384-B57E-0D9EA3FFDBA5}"
EndProject
Project("{9A19103F-16F7-4668-BE54-9A1E7A4F7556}") = "HeXuShi.Extensions.NoWWW", "src\HeXuShi.Extensions.NoWWW\HeXuShi.Extensions.NoWWW.csproj", "{00D4953B-9C7C-452C-9A72-83672C027CDE}"
EndProject
Project("{9A19103F-16F7-4668-BE54-9A1E7A4F7556}") = "HeXuShi.Extensions.JumpToCN", "src\HeXuShi.Extensions.JumpToCN\HeXuShi.Extensions.JumpToCN.csproj", "{05B3E5E8-578B-41EE-8705-1824DA780445}"
EndProject
Project("{2150E333-8FDC-42A3-9474-1A3956D46DE8}") = "sample", "sample", "{3419470D-747C-494D-9202-CFFAD35A0726}"
EndProject
Project("{9A19103F-16F7-4668-BE54-9A1E7A4F7556}") = "WebSample", "sample\WebSample\WebSample.csproj", "{34111E15-D3C6-4530-8718-DDD9563B77A2}"
EndProject
Project("{2150E333-8FDC-42A3-9474-1A3956D46DE8}") = "demo", "demo", "{A633B722-1F9E-493E-9473-4CB6BD220788}"
EndProject
Project("{9A19103F-16F7-4668-BE54-9A1E7A4F7556}") = "IpSearchDemo", "demo\IpSearchDemo\IpSearchDemo.csproj", "{DFFFEB0E-1082-4E51-A78A-D9BFECDA847B}"
EndProject
Project("{9A19103F-16F7-4668-BE54-9A1E7A4F7556}") = "TestChinaIp", "sample\TestChinaIp\TestChinaIp.csproj", "{A86DAC6D-3EA7-485F-B83A-8355F8B31F8E}"
EndProject
Project("{2150E333-8FDC-42A3-9474-1A3956D46DE8}") = "Tests", "Tests", "{DAE97445-BF2C-46C8-ACF7-EC0773FBBED6}"
EndProject
Project("{9A19103F-16F7-4668-BE54-9A1E7A4F7556}") = "JumpToCNTests", "Tests\JumpToCNTests\JumpToCNTests.csproj", "{BCFDCD23-0F13-4546-BCD4-3906242D7F0C}"
EndProject
Project("{9A19103F-16F7-4668-BE54-9A1E7A4F7556}") = "HeXuShi.Extensions.IsChinaIpAddress", "src\HeXuShi.Extensions.IsChinaIpAddress\HeXuShi.Extensions.IsChinaIpAddress.csproj", "{78E7470A-B4DA-4F7E-AAF0-83015A4A6DC4}"
EndProject
Project("{9A19103F-16F7-4668-BE54-9A1E7A4F7556}") = "JumpToComTests", "Tests\JumpToComTests\JumpToComTests.csproj", "{666B4179-900F-48B6-80A8-248AEE2E51E2}"
EndProject
Project("{9A19103F-16F7-4668-BE54-9A1E7A4F7556}") = "HeXuShi.Extensions.JumpToCom", "src\HeXuShi.Extensions.JumpToCom\HeXuShi.Extensions.JumpToCom.csproj", "{048CBCD1-4CD2-438F-BE6A-76C208393375}"
EndProject
Project("{FAE04EC0-301F-11D3-BF4B-00C04F79EFBC}") = "HeXuShi.Extensions.BlockChina", "src\HeXuShi.Extensions.BlockChina\HeXuShi.Extensions.BlockChina.csproj", "{C5F70EE8-2079-454B-8EFC-1737FC30B986}"
EndProject
Project("{FAE04EC0-301F-11D3-BF4B-00C04F79EFBC}") = "BlockChinaTests", "BlockChinaTests\BlockChinaTests.csproj", "{355902C6-28F5-49D4-8D92-4B9710FEC955}"
EndProject
Global
	GlobalSection(SolutionConfigurationPlatforms) = preSolution
		Debug|Any CPU = Debug|Any CPU
		Release|Any CPU = Release|Any CPU
	EndGlobalSection
	GlobalSection(ProjectConfigurationPlatforms) = postSolution
		{00D4953B-9C7C-452C-9A72-83672C027CDE}.Debug|Any CPU.ActiveCfg = Debug|Any CPU
		{00D4953B-9C7C-452C-9A72-83672C027CDE}.Debug|Any CPU.Build.0 = Debug|Any CPU
		{00D4953B-9C7C-452C-9A72-83672C027CDE}.Release|Any CPU.ActiveCfg = Release|Any CPU
		{00D4953B-9C7C-452C-9A72-83672C027CDE}.Release|Any CPU.Build.0 = Release|Any CPU
		{05B3E5E8-578B-41EE-8705-1824DA780445}.Debug|Any CPU.ActiveCfg = Debug|Any CPU
		{05B3E5E8-578B-41EE-8705-1824DA780445}.Debug|Any CPU.Build.0 = Debug|Any CPU
		{05B3E5E8-578B-41EE-8705-1824DA780445}.Release|Any CPU.ActiveCfg = Release|Any CPU
		{05B3E5E8-578B-41EE-8705-1824DA780445}.Release|Any CPU.Build.0 = Release|Any CPU
		{34111E15-D3C6-4530-8718-DDD9563B77A2}.Debug|Any CPU.ActiveCfg = Debug|Any CPU
		{34111E15-D3C6-4530-8718-DDD9563B77A2}.Debug|Any CPU.Build.0 = Debug|Any CPU
		{34111E15-D3C6-4530-8718-DDD9563B77A2}.Release|Any CPU.ActiveCfg = Release|Any CPU
		{34111E15-D3C6-4530-8718-DDD9563B77A2}.Release|Any CPU.Build.0 = Release|Any CPU
		{DFFFEB0E-1082-4E51-A78A-D9BFECDA847B}.Debug|Any CPU.ActiveCfg = Debug|Any CPU
		{DFFFEB0E-1082-4E51-A78A-D9BFECDA847B}.Debug|Any CPU.Build.0 = Debug|Any CPU
		{DFFFEB0E-1082-4E51-A78A-D9BFECDA847B}.Release|Any CPU.ActiveCfg = Release|Any CPU
		{DFFFEB0E-1082-4E51-A78A-D9BFECDA847B}.Release|Any CPU.Build.0 = Release|Any CPU
		{A86DAC6D-3EA7-485F-B83A-8355F8B31F8E}.Debug|Any CPU.ActiveCfg = Debug|Any CPU
		{A86DAC6D-3EA7-485F-B83A-8355F8B31F8E}.Debug|Any CPU.Build.0 = Debug|Any CPU
		{A86DAC6D-3EA7-485F-B83A-8355F8B31F8E}.Release|Any CPU.ActiveCfg = Release|Any CPU
		{A86DAC6D-3EA7-485F-B83A-8355F8B31F8E}.Release|Any CPU.Build.0 = Release|Any CPU
		{BCFDCD23-0F13-4546-BCD4-3906242D7F0C}.Debug|Any CPU.ActiveCfg = Debug|Any CPU
		{BCFDCD23-0F13-4546-BCD4-3906242D7F0C}.Debug|Any CPU.Build.0 = Debug|Any CPU
		{BCFDCD23-0F13-4546-BCD4-3906242D7F0C}.Release|Any CPU.ActiveCfg = Release|Any CPU
		{BCFDCD23-0F13-4546-BCD4-3906242D7F0C}.Release|Any CPU.Build.0 = Release|Any CPU
		{78E7470A-B4DA-4F7E-AAF0-83015A4A6DC4}.Debug|Any CPU.ActiveCfg = Debug|Any CPU
		{78E7470A-B4DA-4F7E-AAF0-83015A4A6DC4}.Debug|Any CPU.Build.0 = Debug|Any CPU
		{78E7470A-B4DA-4F7E-AAF0-83015A4A6DC4}.Release|Any CPU.ActiveCfg = Release|Any CPU
		{78E7470A-B4DA-4F7E-AAF0-83015A4A6DC4}.Release|Any CPU.Build.0 = Release|Any CPU
		{666B4179-900F-48B6-80A8-248AEE2E51E2}.Debug|Any CPU.ActiveCfg = Debug|Any CPU
		{666B4179-900F-48B6-80A8-248AEE2E51E2}.Debug|Any CPU.Build.0 = Debug|Any CPU
		{666B4179-900F-48B6-80A8-248AEE2E51E2}.Release|Any CPU.ActiveCfg = Release|Any CPU
		{666B4179-900F-48B6-80A8-248AEE2E51E2}.Release|Any CPU.Build.0 = Release|Any CPU
		{048CBCD1-4CD2-438F-BE6A-76C208393375}.Debug|Any CPU.ActiveCfg = Debug|Any CPU
		{048CBCD1-4CD2-438F-BE6A-76C208393375}.Debug|Any CPU.Build.0 = Debug|Any CPU
		{048CBCD1-4CD2-438F-BE6A-76C208393375}.Release|Any CPU.ActiveCfg = Release|Any CPU
		{048CBCD1-4CD2-438F-BE6A-76C208393375}.Release|Any CPU.Build.0 = Release|Any CPU
		{C5F70EE8-2079-454B-8EFC-1737FC30B986}.Debug|Any CPU.ActiveCfg = Debug|Any CPU
		{C5F70EE8-2079-454B-8EFC-1737FC30B986}.Debug|Any CPU.Build.0 = Debug|Any CPU
		{C5F70EE8-2079-454B-8EFC-1737FC30B986}.Release|Any CPU.ActiveCfg = Release|Any CPU
		{C5F70EE8-2079-454B-8EFC-1737FC30B986}.Release|Any CPU.Build.0 = Release|Any CPU
		{355902C6-28F5-49D4-8D92-4B9710FEC955}.Debug|Any CPU.ActiveCfg = Debug|Any CPU
		{355902C6-28F5-49D4-8D92-4B9710FEC955}.Debug|Any CPU.Build.0 = Debug|Any CPU
		{355902C6-28F5-49D4-8D92-4B9710FEC955}.Release|Any CPU.ActiveCfg = Release|Any CPU
		{355902C6-28F5-49D4-8D92-4B9710FEC955}.Release|Any CPU.Build.0 = Release|Any CPU
	EndGlobalSection
	GlobalSection(SolutionProperties) = preSolution
		HideSolutionNode = FALSE
	EndGlobalSection
	GlobalSection(NestedProjects) = preSolution
		{00D4953B-9C7C-452C-9A72-83672C027CDE} = {04C20E46-920C-4384-B57E-0D9EA3FFDBA5}
		{05B3E5E8-578B-41EE-8705-1824DA780445} = {04C20E46-920C-4384-B57E-0D9EA3FFDBA5}
		{34111E15-D3C6-4530-8718-DDD9563B77A2} = {3419470D-747C-494D-9202-CFFAD35A0726}
		{DFFFEB0E-1082-4E51-A78A-D9BFECDA847B} = {A633B722-1F9E-493E-9473-4CB6BD220788}
		{A86DAC6D-3EA7-485F-B83A-8355F8B31F8E} = {3419470D-747C-494D-9202-CFFAD35A0726}
		{BCFDCD23-0F13-4546-BCD4-3906242D7F0C} = {DAE97445-BF2C-46C8-ACF7-EC0773FBBED6}
		{78E7470A-B4DA-4F7E-AAF0-83015A4A6DC4} = {04C20E46-920C-4384-B57E-0D9EA3FFDBA5}
		{666B4179-900F-48B6-80A8-248AEE2E51E2} = {DAE97445-BF2C-46C8-ACF7-EC0773FBBED6}
		{048CBCD1-4CD2-438F-BE6A-76C208393375} = {04C20E46-920C-4384-B57E-0D9EA3FFDBA5}
		{C5F70EE8-2079-454B-8EFC-1737FC30B986} = {04C20E46-920C-4384-B57E-0D9EA3FFDBA5}
		{355902C6-28F5-49D4-8D92-4B9710FEC955} = {DAE97445-BF2C-46C8-ACF7-EC0773FBBED6}
	EndGlobalSection
	GlobalSection(ExtensibilityGlobals) = postSolution
		SolutionGuid = {61188532-DD54-4567-B8AD-E0B697DFB6F3}
	EndGlobalSection
EndGlobal
